PODS:
  - AFNetworking (4.0.1):
    - AFNetworking/NSURLSession (= 4.0.1)
    - AFNetworking/Reachability (= 4.0.1)
    - AFNetworking/Security (= 4.0.1)
    - AFNetworking/Serialization (= 4.0.1)
    - AFNetworking/UIKit (= 4.0.1)
  - AFNetworking/NSURLSession (4.0.1):
    - AFNetworking/Reachability
    - AFNetworking/Security
    - AFNetworking/Serialization
  - AFNetworking/Reachability (4.0.1)
  - AFNetworking/Security (4.0.1)
  - AFNetworking/Serialization (4.0.1)
  - AFNetworking/UIKit (4.0.1):
    - AFNetworking/NSURLSession
  - Bugly (2.5.90)
  - CocoaLumberjack (3.7.2):
    - CocoaLumberjack/Core (= 3.7.2)
  - CocoaLumberjack/Core (3.7.2)
  - DoraemonKit/Core (3.0.7):
    - FMDB
    - GCDWebServer
    - GCDWebServer/WebDAV
    - GCDWebServer/WebUploader
  - FluentDarkModeKit (1.0.4)
  - FMDB (2.7.5):
    - FMDB/standard (= 2.7.5)
  - FMDB/standard (2.7.5)
  - FoldingTabBar (1.2.1)
  - GCDWebServer (3.5.4):
    - GCDWebServer/Core (= 3.5.4)
  - GCDWebServer/Core (3.5.4)
  - GCDWebServer/WebDAV (3.5.4):
    - GCDWebServer/Core
  - GCDWebServer/WebUploader (3.5.4):
    - GCDWebServer/Core
  - IQKeyboardManager (6.5.6)
  - KafkaRefresh (1.5.0):
    - KafkaRefresh/Category (= 1.5.0)
    - KafkaRefresh/Configuration (= 1.5.0)
    - KafkaRefresh/Core (= 1.5.0)
    - KafkaRefresh/Default (= 1.5.0)
    - KafkaRefresh/Style (= 1.5.0)
    - KafkaRefresh/UIKit (= 1.5.0)
  - KafkaRefresh/Category (1.5.0)
  - KafkaRefresh/Configuration (1.5.0):
    - KafkaRefresh/UIKit/FootKit
    - KafkaRefresh/UIKit/HeadKit
  - KafkaRefresh/Core (1.5.0):
    - KafkaRefresh/Category
  - KafkaRefresh/Default (1.5.0):
    - KafkaRefresh/Style
  - KafkaRefresh/Style (1.5.0)
  - KafkaRefresh/UIKit (1.5.0):
    - KafkaRefresh/UIKit/FootKit (= 1.5.0)
    - KafkaRefresh/UIKit/HeadKit (= 1.5.0)
    - KafkaRefresh/UIKit/LayerKit (= 1.5.0)
  - KafkaRefresh/UIKit/FootKit (1.5.0):
    - KafkaRefresh/Category
    - KafkaRefresh/Core
    - KafkaRefresh/Default
    - KafkaRefresh/Style
    - KafkaRefresh/UIKit/LayerKit
  - KafkaRefresh/UIKit/HeadKit (1.5.0):
    - KafkaRefresh/Category
    - KafkaRefresh/Core
    - KafkaRefresh/Default
    - KafkaRefresh/Style
    - KafkaRefresh/UIKit/LayerKit
  - KafkaRefresh/UIKit/LayerKit (1.5.0):
    - KafkaRefresh/Category
    - KafkaRefresh/Default
  - LBXPermission (1.1.1):
    - LBXPermission/All (= 1.1.1)
  - LBXPermission/All (1.1.1)
  - LookinServer (1.0.4)
  - lottie-ios (3.2.3)
  - Masonry (1.1.0)
  - MMKV (1.2.10):
    - MMKVCore (~> 1.2.10)
  - MMKVCore (1.2.10)
  - PINCache (3.0.3):
    - PINCache/Arc-exception-safe (= 3.0.3)
    - PINCache/Core (= 3.0.3)
  - PINCache/Arc-exception-safe (3.0.3):
    - PINCache/Core
  - PINCache/Core (3.0.3):
    - PINOperation (~> 1.2.1)
  - PINOperation (1.2.1)
  - PINRemoteImage/Core (3.0.3):
    - PINOperation
  - PINRemoteImage/iOS (3.0.3):
    - PINRemoteImage/Core
  - PINRemoteImage/PINCache (3.0.3):
    - PINCache (~> 3.0.3)
    - PINRemoteImage/Core
  - QMUIKit (4.2.3):
    - QMUIKit/QMUIComponents (= 4.2.3)
    - QMUIKit/QMUICore (= 4.2.3)
    - QMUIKit/QMUILog (= 4.2.3)
    - QMUIKit/QMUIMainFrame (= 4.2.3)
    - QMUIKit/QMUIResources (= 4.2.3)
    - QMUIKit/QMUIWeakObjectContainer (= 4.2.3)
  - QMUIKit/QMUIComponents (4.2.3):
    - QMUIKit/QMUIComponents/NavigationBarTransition (= 4.2.3)
    - QMUIKit/QMUIComponents/QMUIAlertController (= 4.2.3)
    - QMUIKit/QMUIComponents/QMUIAnimation (= 4.2.3)
    - QMUIKit/QMUIComponents/QMUIAppearance (= 4.2.3)
    - QMUIKit/QMUIComponents/QMUIAssetLibrary (= 4.2.3)
    - QMUIKit/QMUIComponents/QMUIBadge (= 4.2.3)
    - QMUIKit/QMUIComponents/QMUIButton (= 4.2.3)
    - QMUIKit/QMUIComponents/QMUICAAnimationExtension (= 4.2.3)
    - QMUIKit/QMUIComponents/QMUICALayerExtension (= 4.2.3)
    - QMUIKit/QMUIComponents/QMUICellHeightCache (= 4.2.3)
    - QMUIKit/QMUIComponents/QMUICellHeightKeyCache (= 4.2.3)
    - QMUIKit/QMUIComponents/QMUICellSizeKeyCache (= 4.2.3)
    - QMUIKit/QMUIComponents/QMUICollectionViewPagingLayout (= 4.2.3)
    - QMUIKit/QMUIComponents/QMUIConsole (= 4.2.3)
    - QMUIKit/QMUIComponents/QMUIDialogViewController (= 4.2.3)
    - QMUIKit/QMUIComponents/QMUIEmotionInputManager (= 4.2.3)
    - QMUIKit/QMUIComponents/QMUIEmotionView (= 4.2.3)
    - QMUIKit/QMUIComponents/QMUIEmptyView (= 4.2.3)
    - QMUIKit/QMUIComponents/QMUIFillButton (= 4.2.3)
    - QMUIKit/QMUIComponents/QMUIFloatLayoutView (= 4.2.3)
    - QMUIKit/QMUIComponents/QMUIGhostButton (= 4.2.3)
    - QMUIKit/QMUIComponents/QMUIGridView (= 4.2.3)
    - QMUIKit/QMUIComponents/QMUIImagePickerLibrary (= 4.2.3)
    - QMUIKit/QMUIComponents/QMUIImagePreviewView (= 4.2.3)
    - QMUIKit/QMUIComponents/QMUIKeyboardManager (= 4.2.3)
    - QMUIKit/QMUIComponents/QMUILabel (= 4.2.3)
    - QMUIKit/QMUIComponents/QMUILinkButton (= 4.2.3)
    - QMUIKit/QMUIComponents/QMUILogManagerViewController (= 4.2.3)
    - QMUIKit/QMUIComponents/QMUILogWithConfigurationSupported (= 4.2.3)
    - QMUIKit/QMUIComponents/QMUIMarqueeLabel (= 4.2.3)
    - QMUIKit/QMUIComponents/QMUIModalPresentationViewController (= 4.2.3)
    - QMUIKit/QMUIComponents/QMUIMoreOperationController (= 4.2.3)
    - QMUIKit/QMUIComponents/QMUIMultipleDelegates (= 4.2.3)
    - QMUIKit/QMUIComponents/QMUINavigationButton (= 4.2.3)
    - QMUIKit/QMUIComponents/QMUINavigationTitleView (= 4.2.3)
    - QMUIKit/QMUIComponents/QMUIOrderedDictionary (= 4.2.3)
    - QMUIKit/QMUIComponents/QMUIPieProgressView (= 4.2.3)
    - QMUIKit/QMUIComponents/QMUIPopupContainerView (= 4.2.3)
    - QMUIKit/QMUIComponents/QMUIPopupMenuView (= 4.2.3)
    - QMUIKit/QMUIComponents/QMUIScrollAnimator (= 4.2.3)
    - QMUIKit/QMUIComponents/QMUISearchBar (= 4.2.3)
    - QMUIKit/QMUIComponents/QMUISearchController (= 4.2.3)
    - QMUIKit/QMUIComponents/QMUISegmentedControl (= 4.2.3)
    - QMUIKit/QMUIComponents/QMUISlider (= 4.2.3)
    - QMUIKit/QMUIComponents/QMUIStaticTableView (= 4.2.3)
    - QMUIKit/QMUIComponents/QMUITableView (= 4.2.3)
    - QMUIKit/QMUIComponents/QMUITableViewCell (= 4.2.3)
    - QMUIKit/QMUIComponents/QMUITableViewHeaderFooterView (= 4.2.3)
    - QMUIKit/QMUIComponents/QMUITableViewProtocols (= 4.2.3)
    - QMUIKit/QMUIComponents/QMUITestView (= 4.2.3)
    - QMUIKit/QMUIComponents/QMUITextField (= 4.2.3)
    - QMUIKit/QMUIComponents/QMUITextView (= 4.2.3)
    - QMUIKit/QMUIComponents/QMUITheme (= 4.2.3)
    - QMUIKit/QMUIComponents/QMUITips (= 4.2.3)
    - QMUIKit/QMUIComponents/QMUIToastView (= 4.2.3)
    - QMUIKit/QMUIComponents/QMUIToolbarButton (= 4.2.3)
    - QMUIKit/QMUIComponents/QMUIVisualEffectView (= 4.2.3)
    - QMUIKit/QMUIComponents/QMUIWindowSizeMonitor (= 4.2.3)
    - QMUIKit/QMUIComponents/QMUIZoomImageView (= 4.2.3)
    - QMUIKit/QMUICore
  - QMUIKit/QMUIComponents/NavigationBarTransition (4.2.3):
    - QMUIKit/QMUIComponents/QMUINavigationTitleView
    - QMUIKit/QMUICore
    - QMUIKit/QMUIMainFrame
  - QMUIKit/QMUIComponents/QMUIAlertController (4.2.3):
    - QMUIKit/QMUIComponents/QMUIAppearance
    - QMUIKit/QMUIComponents/QMUIButton
    - QMUIKit/QMUIComponents/QMUIKeyboardManager
    - QMUIKit/QMUIComponents/QMUIModalPresentationViewController
    - QMUIKit/QMUIComponents/QMUITextField
    - QMUIKit/QMUICore
  - QMUIKit/QMUIComponents/QMUIAnimation (4.2.3):
    - QMUIKit/QMUICore
  - QMUIKit/QMUIComponents/QMUIAppearance (4.2.3):
    - QMUIKit/QMUICore
  - QMUIKit/QMUIComponents/QMUIAssetLibrary (4.2.3):
    - QMUIKit/QMUICore
  - QMUIKit/QMUIComponents/QMUIBadge (4.2.3):
    - QMUIKit/QMUIComponents/QMUILabel
    - QMUIKit/QMUICore
  - QMUIKit/QMUIComponents/QMUIButton (4.2.3):
    - QMUIKit/QMUICore
  - QMUIKit/QMUIComponents/QMUICAAnimationExtension (4.2.3):
    - QMUIKit/QMUIComponents/QMUIMultipleDelegates
    - QMUIKit/QMUICore
  - QMUIKit/QMUIComponents/QMUICALayerExtension (4.2.3):
    - QMUIKit/QMUIComponents/QMUIMultipleDelegates
    - QMUIKit/QMUICore
  - QMUIKit/QMUIComponents/QMUICellHeightCache (4.2.3):
    - QMUIKit/QMUIComponents/QMUITableViewProtocols
    - QMUIKit/QMUICore
  - QMUIKit/QMUIComponents/QMUICellHeightKeyCache (4.2.3):
    - QMUIKit/QMUIComponents/QMUIMultipleDelegates
    - QMUIKit/QMUIComponents/QMUITableViewProtocols
    - QMUIKit/QMUICore
  - QMUIKit/QMUIComponents/QMUICellSizeKeyCache (4.2.3):
    - QMUIKit/QMUIComponents/QMUIMultipleDelegates
    - QMUIKit/QMUICore
  - QMUIKit/QMUIComponents/QMUICollectionViewPagingLayout (4.2.3):
    - QMUIKit/QMUICore
  - QMUIKit/QMUIComponents/QMUIConsole (4.2.3):
    - QMUIKit/QMUIComponents/QMUIButton
    - QMUIKit/QMUIComponents/QMUICAAnimationExtension
    - QMUIKit/QMUIComponents/QMUICellHeightKeyCache
    - QMUIKit/QMUIComponents/QMUIPopupMenuView
    - QMUIKit/QMUIComponents/QMUITableView
    - QMUIKit/QMUIComponents/QMUITableViewCell
    - QMUIKit/QMUIComponents/QMUITextField
    - QMUIKit/QMUIComponents/QMUITextView
    - QMUIKit/QMUICore
    - QMUIKit/QMUIResources
  - QMUIKit/QMUIComponents/QMUIDialogViewController (4.2.3):
    - QMUIKit/QMUIComponents/QMUIAppearance
    - QMUIKit/QMUIComponents/QMUIButton
    - QMUIKit/QMUIComponents/QMUILabel
    - QMUIKit/QMUIComponents/QMUIModalPresentationViewController
    - QMUIKit/QMUIComponents/QMUINavigationTitleView
    - QMUIKit/QMUIComponents/QMUITableView
    - QMUIKit/QMUIComponents/QMUITableViewCell
    - QMUIKit/QMUIComponents/QMUITextField
    - QMUIKit/QMUICore
    - QMUIKit/QMUIMainFrame
  - QMUIKit/QMUIComponents/QMUIEmotionInputManager (4.2.3):
    - QMUIKit/QMUIComponents/QMUIEmotionView
    - QMUIKit/QMUICore
  - QMUIKit/QMUIComponents/QMUIEmotionView (4.2.3):
    - QMUIKit/QMUIComponents/QMUIButton
    - QMUIKit/QMUICore
    - QMUIKit/QMUIResources
  - QMUIKit/QMUIComponents/QMUIEmptyView (4.2.3):
    - QMUIKit/QMUIComponents/QMUIAppearance
    - QMUIKit/QMUIComponents/QMUIButton
    - QMUIKit/QMUICore
  - QMUIKit/QMUIComponents/QMUIFillButton (4.2.3):
    - QMUIKit/QMUIComponents/QMUIButton
    - QMUIKit/QMUICore
  - QMUIKit/QMUIComponents/QMUIFloatLayoutView (4.2.3):
    - QMUIKit/QMUICore
  - QMUIKit/QMUIComponents/QMUIGhostButton (4.2.3):
    - QMUIKit/QMUIComponents/QMUIButton
    - QMUIKit/QMUICore
  - QMUIKit/QMUIComponents/QMUIGridView (4.2.3):
    - QMUIKit/QMUICore
  - QMUIKit/QMUIComponents/QMUIImagePickerLibrary (4.2.3):
    - QMUIKit/QMUIComponents/QMUIAlertController
    - QMUIKit/QMUIComponents/QMUIAppearance
    - QMUIKit/QMUIComponents/QMUIAssetLibrary
    - QMUIKit/QMUIComponents/QMUIButton
    - QMUIKit/QMUIComponents/QMUIEmptyView
    - QMUIKit/QMUIComponents/QMUIImagePreviewView
    - QMUIKit/QMUIComponents/QMUINavigationButton
    - QMUIKit/QMUIComponents/QMUITableViewCell
    - QMUIKit/QMUIComponents/QMUIZoomImageView
    - QMUIKit/QMUICore
    - QMUIKit/QMUIMainFrame
    - QMUIKit/QMUIResources
  - QMUIKit/QMUIComponents/QMUIImagePreviewView (4.2.3):
    - QMUIKit/QMUIComponents/QMUIAppearance
    - QMUIKit/QMUIComponents/QMUIButton
    - QMUIKit/QMUIComponents/QMUICollectionViewPagingLayout
    - QMUIKit/QMUIComponents/QMUIEmptyView
    - QMUIKit/QMUIComponents/QMUIPieProgressView
    - QMUIKit/QMUIComponents/QMUIZoomImageView
    - QMUIKit/QMUICore
    - QMUIKit/QMUIMainFrame
  - QMUIKit/QMUIComponents/QMUIKeyboardManager (4.2.3):
    - QMUIKit/QMUIComponents/QMUIAppearance
    - QMUIKit/QMUICore
  - QMUIKit/QMUIComponents/QMUILabel (4.2.3):
    - QMUIKit/QMUICore
  - QMUIKit/QMUIComponents/QMUILinkButton (4.2.3):
    - QMUIKit/QMUIComponents/QMUIButton
    - QMUIKit/QMUICore
  - QMUIKit/QMUIComponents/QMUILogManagerViewController (4.2.3):
    - QMUIKit/QMUIComponents/QMUIPopupMenuView
    - QMUIKit/QMUIComponents/QMUISearchController
    - QMUIKit/QMUIComponents/QMUIStaticTableView
    - QMUIKit/QMUIComponents/QMUITableView
    - QMUIKit/QMUICore
    - QMUIKit/QMUIMainFrame
  - QMUIKit/QMUIComponents/QMUILogWithConfigurationSupported (4.2.3):
    - QMUIKit/QMUICore
  - QMUIKit/QMUIComponents/QMUIMarqueeLabel (4.2.3):
    - QMUIKit/QMUICore
  - QMUIKit/QMUIComponents/QMUIModalPresentationViewController (4.2.3):
    - QMUIKit/QMUIComponents/QMUIAppearance
    - QMUIKit/QMUIComponents/QMUIKeyboardManager
    - QMUIKit/QMUICore
  - QMUIKit/QMUIComponents/QMUIMoreOperationController (4.2.3):
    - QMUIKit/QMUIComponents/QMUIAppearance
    - QMUIKit/QMUIComponents/QMUIButton
    - QMUIKit/QMUIComponents/QMUIModalPresentationViewController
    - QMUIKit/QMUICore
  - QMUIKit/QMUIComponents/QMUIMultipleDelegates (4.2.3):
    - QMUIKit/QMUICore
  - QMUIKit/QMUIComponents/QMUINavigationButton (4.2.3):
    - QMUIKit/QMUICore
    - QMUIKit/QMUIMainFrame
  - QMUIKit/QMUIComponents/QMUINavigationTitleView (4.2.3):
    - QMUIKit/QMUIComponents/QMUIAppearance
    - QMUIKit/QMUIComponents/QMUIButton
    - QMUIKit/QMUICore
  - QMUIKit/QMUIComponents/QMUIOrderedDictionary (4.2.3):
    - QMUIKit/QMUICore
  - QMUIKit/QMUIComponents/QMUIPieProgressView (4.2.3):
    - QMUIKit/QMUICore
  - QMUIKit/QMUIComponents/QMUIPopupContainerView (4.2.3):
    - QMUIKit/QMUIComponents/QMUIAppearance
    - QMUIKit/QMUICore
    - QMUIKit/QMUIMainFrame
  - QMUIKit/QMUIComponents/QMUIPopupMenuView (4.2.3):
    - QMUIKit/QMUIComponents/QMUIButton
    - QMUIKit/QMUIComponents/QMUIPopupContainerView
    - QMUIKit/QMUICore
  - QMUIKit/QMUIComponents/QMUIScrollAnimator (4.2.3):
    - QMUIKit/QMUIComponents/QMUIMultipleDelegates
    - QMUIKit/QMUICore
  - QMUIKit/QMUIComponents/QMUISearchBar (4.2.3):
    - QMUIKit/QMUICore
  - QMUIKit/QMUIComponents/QMUISearchController (4.2.3):
    - QMUIKit/QMUIComponents/QMUIEmptyView
    - QMUIKit/QMUIComponents/QMUISearchBar
    - QMUIKit/QMUICore
    - QMUIKit/QMUIMainFrame
  - QMUIKit/QMUIComponents/QMUISegmentedControl (4.2.3):
    - QMUIKit/QMUICore
  - QMUIKit/QMUIComponents/QMUISlider (4.2.3):
    - QMUIKit/QMUICore
  - QMUIKit/QMUIComponents/QMUIStaticTableView (4.2.3):
    - QMUIKit/QMUIComponents/QMUIMultipleDelegates
    - QMUIKit/QMUIComponents/QMUITableViewCell
    - QMUIKit/QMUICore
  - QMUIKit/QMUIComponents/QMUITableView (4.2.3):
    - QMUIKit/QMUIComponents/QMUITableViewProtocols
    - QMUIKit/QMUICore
  - QMUIKit/QMUIComponents/QMUITableViewCell (4.2.3):
    - QMUIKit/QMUIComponents/QMUIButton
    - QMUIKit/QMUICore
  - QMUIKit/QMUIComponents/QMUITableViewHeaderFooterView (4.2.3):
    - QMUIKit/QMUICore
  - QMUIKit/QMUIComponents/QMUITableViewProtocols (4.2.3):
    - QMUIKit/QMUICore
  - QMUIKit/QMUIComponents/QMUITestView (4.2.3):
    - QMUIKit/QMUICore
  - QMUIKit/QMUIComponents/QMUITextField (4.2.3):
    - QMUIKit/QMUIComponents/QMUIMultipleDelegates
    - QMUIKit/QMUICore
  - QMUIKit/QMUIComponents/QMUITextView (4.2.3):
    - QMUIKit/QMUIComponents/QMUILabel
    - QMUIKit/QMUIComponents/QMUIMultipleDelegates
    - QMUIKit/QMUICore
  - QMUIKit/QMUIComponents/QMUITheme (4.2.3):
    - QMUIKit/QMUIComponents/QMUIAlertController
    - QMUIKit/QMUIComponents/QMUIBadge
    - QMUIKit/QMUIComponents/QMUIButton
    - QMUIKit/QMUIComponents/QMUIConsole
    - QMUIKit/QMUIComponents/QMUIEmotionView
    - QMUIKit/QMUIComponents/QMUIEmptyView
    - QMUIKit/QMUIComponents/QMUIFillButton
    - QMUIKit/QMUIComponents/QMUIGhostButton
    - QMUIKit/QMUIComponents/QMUIGridView
    - QMUIKit/QMUIComponents/QMUIImagePickerLibrary
    - QMUIKit/QMUIComponents/QMUIImagePreviewView
    - QMUIKit/QMUIComponents/QMUILabel
    - QMUIKit/QMUIComponents/QMUILinkButton
    - QMUIKit/QMUIComponents/QMUIModalPresentationViewController
    - QMUIKit/QMUIComponents/QMUIPopupContainerView
    - QMUIKit/QMUIComponents/QMUIPopupMenuView
    - QMUIKit/QMUIComponents/QMUISlider
    - QMUIKit/QMUIComponents/QMUITextField
    - QMUIKit/QMUIComponents/QMUITextView
    - QMUIKit/QMUIComponents/QMUIToastView
    - QMUIKit/QMUIComponents/QMUIVisualEffectView
    - QMUIKit/QMUICore
  - QMUIKit/QMUIComponents/QMUITips (4.2.3):
    - QMUIKit/QMUIComponents/QMUIToastView
    - QMUIKit/QMUICore
    - QMUIKit/QMUIResources
  - QMUIKit/QMUIComponents/QMUIToastView (4.2.3):
    - QMUIKit/QMUIComponents/QMUIKeyboardManager
    - QMUIKit/QMUIComponents/QMUIVisualEffectView
    - QMUIKit/QMUICore
  - QMUIKit/QMUIComponents/QMUIToolbarButton (4.2.3):
    - QMUIKit/QMUICore
  - QMUIKit/QMUIComponents/QMUIVisualEffectView (4.2.3):
    - QMUIKit/QMUIComponents/QMUICALayerExtension
    - QMUIKit/QMUICore
  - QMUIKit/QMUIComponents/QMUIWindowSizeMonitor (4.2.3):
    - QMUIKit/QMUICore
  - QMUIKit/QMUIComponents/QMUIZoomImageView (4.2.3):
    - QMUIKit/QMUIComponents/QMUIAssetLibrary
    - QMUIKit/QMUIComponents/QMUIButton
    - QMUIKit/QMUIComponents/QMUIEmptyView
    - QMUIKit/QMUIComponents/QMUIPieProgressView
    - QMUIKit/QMUIComponents/QMUISlider
    - QMUIKit/QMUICore
    - QMUIKit/QMUIResources
  - QMUIKit/QMUICore (4.2.3):
    - QMUIKit/QMUILog
    - QMUIKit/QMUIWeakObjectContainer
  - QMUIKit/QMUILog (4.2.3)
  - QMUIKit/QMUIMainFrame (4.2.3):
    - QMUIKit/QMUIComponents/QMUIEmptyView
    - QMUIKit/QMUIComponents/QMUIKeyboardManager
    - QMUIKit/QMUIComponents/QMUIMultipleDelegates
    - QMUIKit/QMUIComponents/QMUINavigationTitleView
    - QMUIKit/QMUIComponents/QMUITableView
    - QMUIKit/QMUIComponents/QMUITableViewHeaderFooterView
    - QMUIKit/QMUICore
    - QMUIKit/QMUILog
  - QMUIKit/QMUIResources (4.2.3)
  - QMUIKit/QMUIWeakObjectContainer (4.2.3)
  - ReactiveObjC (3.1.1)
  - Realm (10.12.0):
    - Realm/Headers (= 10.12.0)
  - Realm/Headers (10.12.0)
  - SDWebImage (5.11.1):
    - SDWebImage/Core (= 5.11.1)
  - SDWebImage/Core (5.11.1)
  - Texture (3.0.0):
    - Texture/AssetsLibrary (= 3.0.0)
    - Texture/Core (= 3.0.0)
    - Texture/MapKit (= 3.0.0)
    - Texture/Photos (= 3.0.0)
    - Texture/PINRemoteImage (= 3.0.0)
    - Texture/Video (= 3.0.0)
  - Texture/AssetsLibrary (3.0.0):
    - Texture/Core
  - Texture/Core (3.0.0)
  - Texture/MapKit (3.0.0):
    - Texture/Core
  - Texture/Photos (3.0.0):
    - Texture/Core
  - Texture/PINRemoteImage (3.0.0):
    - PINRemoteImage/iOS (~> 3.0.0)
    - PINRemoteImage/PINCache
    - Texture/Core
  - Texture/Video (3.0.0):
    - Texture/Core
  - UICKeyChainStore (2.2.1)
  - VinBaseComponents (0.2.2):
    - VinBaseComponents/BlockViewKit (= 0.2.2)
    - VinBaseComponents/CocoaExtentions (= 0.2.2)
    - VinBaseComponents/Components (= 0.2.2)
    - VinBaseComponents/CycleViewKit (= 0.2.2)
    - VinBaseComponents/NetWorking (= 0.2.2)
    - VinBaseComponents/RACExtentions (= 0.2.2)
    - VinBaseComponents/StorageLib (= 0.2.2)
  - VinBaseComponents/BlockViewKit (0.2.2):
    - VinBaseComponents/CocoaExtentions
    - VinBaseComponents/RACExtentions
  - VinBaseComponents/CocoaExtentions (0.2.2):
    - VinBaseComponents/CocoaExtentions/Foundation (= 0.2.2)
    - VinBaseComponents/CocoaExtentions/UIKit (= 0.2.2)
  - VinBaseComponents/CocoaExtentions/Foundation (0.2.2)
  - VinBaseComponents/CocoaExtentions/UIKit (0.2.2):
    - VinBaseComponents/CocoaExtentions/Foundation
  - VinBaseComponents/Components (0.2.2)
  - VinBaseComponents/CycleViewKit (0.2.2):
    - VinBaseComponents/RACExtentions
  - VinBaseComponents/NetWorking (0.2.2):
    - VinBaseComponents/NetWorking/Base (= 0.2.2)
    - VinBaseComponents/NetWorking/Cache (= 0.2.2)
    - VinBaseComponents/NetWorking/TaskInfo (= 0.2.2)
  - VinBaseComponents/NetWorking/Base (0.2.2):
    - AFNetworking
    - VinBaseComponents/NetWorking/Cache
    - VinBaseComponents/NetWorking/TaskInfo
    - VinBaseComponents/RACExtentions
  - VinBaseComponents/NetWorking/Cache (0.2.2):
    - YYCache
  - VinBaseComponents/NetWorking/TaskInfo (0.2.2)
  - VinBaseComponents/RACExtentions (0.2.2):
    - ReactiveObjC
  - VinBaseComponents/StorageLib (0.2.2):
    - VinBaseComponents/StorageLib/MapKeyValueTool (= 0.2.2)
    - VinBaseComponents/StorageLib/RealmStore (= 0.2.2)
  - VinBaseComponents/StorageLib/MapKeyValueTool (0.2.2):
    - MMKV
    - UICKeyChainStore
  - VinBaseComponents/StorageLib/RealmStore (0.2.2):
    - Realm
  - YYCache (1.0.4)
  - YYCategories (1.0.4):
    - YYCategories/no-arc (= 1.0.4)
  - YYCategories/no-arc (1.0.4)
  - YYModel (1.0.4)

DEPENDENCIES:
  - Bugly
  - CocoaLumberjack
  - DoraemonKit/Core
  - FluentDarkModeKit
  - FoldingTabBar (from `https://github.com/BinBear/FoldingTabBar.iOS.git`)
  - IQKeyboardManager
  - KafkaRefresh
  - LBXPermission
  - LookinServer
  - lottie-ios
  - Masonry
  - QMUIKit
  - SDWebImage
  - Texture
  - VinBaseComponents (from `https://github.com/BinBear/VinBaseComponents.git`)
  - YYCategories
  - YYModel

SPEC REPOS:
  trunk:
    - AFNetworking
    - Bugly
    - CocoaLumberjack
    - DoraemonKit
    - FluentDarkModeKit
    - FMDB
    - GCDWebServer
    - IQKeyboardManager
    - KafkaRefresh
    - LBXPermission
    - LookinServer
    - lottie-ios
    - Masonry
    - MMKV
    - MMKVCore
    - PINCache
    - PINOperation
    - PINRemoteImage
    - QMUIKit
    - ReactiveObjC
    - Realm
    - SDWebImage
    - Texture
    - UICKeyChainStore
    - YYCache
    - YYCategories
    - YYModel

EXTERNAL SOURCES:
  FoldingTabBar:
    :git: https://github.com/BinBear/FoldingTabBar.iOS.git
  VinBaseComponents:
    :git: https://github.com/BinBear/VinBaseComponents.git

CHECKOUT OPTIONS:
  FoldingTabBar:
    :commit: 2ee8f3b1b2d5b18e7df81b2907c22794dfb1b6b8
    :git: https://github.com/BinBear/FoldingTabBar.iOS.git
  VinBaseComponents:
    :commit: 80bc29688b7aeff6fa5de96e30b60cd2eee689c3
    :git: https://github.com/BinBear/VinBaseComponents.git

SPEC CHECKSUMS:
  AFNetworking: 7864c38297c79aaca1500c33288e429c3451fdce
  Bugly: 88bc32c0acc6fef7b74d610f0319ee7560d6b9fe
  CocoaLumberjack: b7e05132ff94f6ae4dfa9d5bce9141893a21d9da
  DoraemonKit: 32fb97f3aa82efa133111d193080ca5462cef135
  FluentDarkModeKit: b6317653a00329564582884772ec57c4eaad1a1f
  FMDB: 2ce00b547f966261cd18927a3ddb07cb6f3db82a
  FoldingTabBar: b1817b36d15eedefd8e42f66abbd36fe4feabcf2
  GCDWebServer: 2c156a56c8226e2d5c0c3f208a3621ccffbe3ce4
  IQKeyboardManager: 2a6e97afdafc7becf0cb17a9a8d795e3a980717f
  KafkaRefresh: 01645b1509b8647809f6bb666629c80855bd3fdd
  LBXPermission: e7f860ce1280599fc196a8c5dee713cbb81354d4
  LookinServer: 743c1681771d0a8dcc38825325a080c3186404a5
  lottie-ios: c058aeafa76daa4cf64d773554bccc8385d0150e
  Masonry: 678fab65091a9290e40e2832a55e7ab731aad201
  MMKV: 76033b9ace2006623308910a3afcc0e25eba3140
  MMKVCore: b00e7a09ec77a1b916aef336eedd3b99ec249978
  PINCache: 7a8fc1a691173d21dbddbf86cd515de6efa55086
  PINOperation: 00c935935f1e8cf0d1e2d6b542e75b88fc3e5e20
  PINRemoteImage: f1295b29f8c5e640e25335a1b2bd9d805171bd01
  QMUIKit: c047f987b14be9f48df47cb934a2d21ccd7ef4b6
  ReactiveObjC: 011caa393aa0383245f2dcf9bf02e86b80b36040
  Realm: 32488213acb44660539c619d620cec1bac046166
  SDWebImage: a7f831e1a65eb5e285e3fb046a23fcfbf08e696d
  Texture: 2f109e937850d94d1d07232041c9c7313ccddb81
  UICKeyChainStore: ba3bff2c762b12db1e516f395c837dd25298b05e
  VinBaseComponents: f139a8d5f7cc68a7305586c988c2abefa0bcddfc
  YYCache: 8105b6638f5e849296c71f331ff83891a4942952
  YYCategories: 6bcd4314c6661a561410dce4a793379ebd306abd
  YYModel: 2a7fdd96aaa4b86a824e26d0c517de8928c04b30

PODFILE CHECKSUM: cf05b7bdcad6bfb575e3dcebe133eabd2554646d

COCOAPODS: 1.10.2
